{
    "name": "morearraymethods.ahk",
    "version": "0.0.1",
    "lockfileVersion": 1,
    "requires": true,
    "dependencies": {
        "json.ahk": {
            "version": "github:chunjee/json.ahk#6c336a662340ba644a69c92b8b1c48dff6fe109c",
            "from": "github:chunjee/json.ahk",
            "dev": true
        },
        "unit-testing.ahk": {
            "version": "github:chunjee/unit-testing.ahk#d273892a92c76c71706d6c67a4eb65738c5d0008",
            "from": "github:chunjee/unit-testing.ahk",
            "dev": true,
            "requires": {
                "json.ahk": "github:chunjee/json.ahk"
            }
        }
    }
}
